PODS:
  - Alamofire (4.7.3)
  - ObjectMapper (3.4.1)

DEPENDENCIES:
  - Alamofire (~> 4.7)
  - ObjectMapper (~> 3.4)

SPEC REPOS:
  https://github.com/cocoapods/specs.git:
    - Alamofire
    - ObjectMapper

SPEC CHECKSUMS:
  Alamofire: c7287b6e5d7da964a70935e5db17046b7fde6568
  ObjectMapper: 5311bd50ca732930959e7ca1a2de43ab823a5ced

PODFILE CHECKSUM: 17302a20424c97d4c403bb403b3c3617799b1da6

COCOAPODS: 1.5.3
