// !$*UTF8*$!
{
	archiveVersion = 1;
	classes = {
	};
	objectVersion = 50;
	objects = {

/* Begin PBXBuildFile section */
		D615BD31217D11BA00447A0D /* AppDelegate.swift in Sources */ = {isa = PBXBuildFile; fileRef = D615BD30217D11BA00447A0D /* AppDelegate.swift */; };
		D615BD33217D11BA00447A0D /* ViewController.swift in Sources */ = {isa = PBXBuildFile; fileRef = D615BD32217D11BA00447A0D /* ViewController.swift */; };
		D615BD36217D11BA00447A0D /* Main.storyboard in Resources */ = {isa = PBXBuildFile; fileRef = D615BD34217D11BA00447A0D /* Main.storyboard */; };
		D615BD38217D11BC00447A0D /* Assets.xcassets in Resources */ = {isa = PBXBuildFile; fileRef = D615BD37217D11BC00447A0D /* Assets.xcassets */; };
		D615BD3B217D11BC00447A0D /* LaunchScreen.storyboard in Resources */ = {isa = PBXBuildFile; fileRef = D615BD39217D11BC00447A0D /* LaunchScreen.storyboard */; };
		D615BD46217D1A9600447A0D /* TimedForecastCellView.swift in Sources */ = {isa = PBXBuildFile; fileRef = D615BD45217D1A9600447A0D /* TimedForecastCellView.swift */; };
		D615BD48217D1ABA00447A0D /* WeekForecastCellView.swift in Sources */ = {isa = PBXBuildFile; fileRef = D615BD47217D1ABA00447A0D /* WeekForecastCellView.swift */; };
		D615BD4A217D1BC300447A0D /* WeekdayForecast.swift in Sources */ = {isa = PBXBuildFile; fileRef = D615BD49217D1BC300447A0D /* WeekdayForecast.swift */; };
		D615BD4C217D1D1500447A0D /* TimedForecast.swift in Sources */ = {isa = PBXBuildFile; fileRef = D615BD4B217D1D1500447A0D /* TimedForecast.swift */; };
/* End PBXBuildFile section */

/* Begin PBXFileReference section */
		D615BD2D217D11BA00447A0D /* Weather.app */ = {isa = PBXFileReference; explicitFileType = wrapper.application; includeInIndex = 0; path = Weather.app; sourceTree = BUILT_PRODUCTS_DIR; };
		D615BD30217D11BA00447A0D /* AppDelegate.swift */ = {isa = PBXFileReference; lastKnownFileType = sourcecode.swift; path = AppDelegate.swift; sourceTree = "<group>"; };
		D615BD32217D11BA00447A0D /* ViewController.swift */ = {isa = PBXFileReference; lastKnownFileType = sourcecode.swift; path = ViewController.swift; sourceTree = "<group>"; };
		D615BD35217D11BA00447A0D /* Base */ = {isa = PBXFileReference; lastKnownFileType = file.storyboard; name = Base; path = Base.lproj/Main.storyboard; sourceTree = "<group>"; };
		D615BD37217D11BC00447A0D /* Assets.xcassets */ = {isa = PBXFileReference; lastKnownFileType = folder.assetcatalog; path = Assets.xcassets; sourceTree = "<group>"; };
		D615BD3A217D11BC00447A0D /* Base */ = {isa = PBXFileReference; lastKnownFileType = file.storyboard; name = Base; path = Base.lproj/LaunchScreen.storyboard; sourceTree = "<group>"; };
		D615BD3C217D11BC00447A0D /* Info.plist */ = {isa = PBXFileReference; lastKnownFileType = text.plist.xml; path = Info.plist; sourceTree = "<group>"; };
		D615BD45217D1A9600447A0D /* TimedForecastCellView.swift */ = {isa = PBXFileReference; lastKnownFileType = sourcecode.swift; path = TimedForecastCellView.swift; sourceTree = "<group>"; };
		D615BD47217D1ABA00447A0D /* WeekForecastCellView.swift */ = {isa = PBXFileReference; lastKnownFileType = sourcecode.swift; path = WeekForecastCellView.swift; sourceTree = "<group>"; };
		D615BD49217D1BC300447A0D /* WeekdayForecast.swift */ = {isa = PBXFileReference; lastKnownFileType = sourcecode.swift; path = WeekdayForecast.swift; sourceTree = "<group>"; };
		D615BD4B217D1D1500447A0D /* TimedForecast.swift */ = {isa = PBXFileReference; lastKnownFileType = sourcecode.swift; path = TimedForecast.swift; sourceTree = "<group>"; };
/* End PBXFileReference section */

/* Begin PBXFrameworksBuildPhase section */
		D615BD2A217D11BA00447A0D /* Frameworks */ = {
			isa = PBXFrameworksBuildPhase;
			buildActionMask = 2147483647;
			files = (
			);
			runOnlyForDeploymentPostprocessing = 0;
		};
/* End PBXFrameworksBuildPhase section */

/* Begin PBXGroup section */
		D615BD24217D11BA00447A0D = {
			isa = PBXGroup;
			children = (
				D615BD2F217D11BA00447A0D /* Weather */,
				D615BD2E217D11BA00447A0D /* Products */,
			);
			sourceTree = "<group>";
		};
		D615BD2E217D11BA00447A0D /* Products */ = {
			isa = PBXGroup;
			children = (
				D615BD2D217D11BA00447A0D /* Weather.app */,
			);
			name = Products;
			sourceTree = "<group>";
		};
		D615BD2F217D11BA00447A0D /* Weather */ = {
			isa = PBXGroup;
			children = (
				D615BD44217D19B200447A0D /* Presenters */,
				D615BD43217D19AD00447A0D /* Views */,
				D615BD42217D19A600447A0D /* Models */,
				D615BD30217D11BA00447A0D /* AppDelegate.swift */,
				D615BD34217D11BA00447A0D /* Main.storyboard */,
				D615BD37217D11BC00447A0D /* Assets.xcassets */,
				D615BD39217D11BC00447A0D /* LaunchScreen.storyboard */,
				D615BD3C217D11BC00447A0D /* Info.plist */,
			);
			path = Weather;
			sourceTree = "<group>";
		};
		D615BD42217D19A600447A0D /* Models */ = {
			isa = PBXGroup;
			children = (
				D615BD49217D1BC300447A0D /* WeekdayForecast.swift */,
				D615BD4B217D1D1500447A0D /* TimedForecast.swift */,
			);
			path = Models;
			sourceTree = "<group>";
		};
		D615BD43217D19AD00447A0D /* Views */ = {
			isa = PBXGroup;
			children = (
				D615BD32217D11BA00447A0D /* ViewController.swift */,
				D615BD45217D1A9600447A0D /* TimedForecastCellView.swift */,
				D615BD47217D1ABA00447A0D /* WeekForecastCellView.swift */,
			);
			path = Views;
			sourceTree = "<group>";
		};
		D615BD44217D19B200447A0D /* Presenters */ = {
			isa = PBXGroup;
			children = (
			);
			path = Presenters;
			sourceTree = "<group>";
		};
/* End PBXGroup section */

/* Begin PBXNativeTarget section */
		D615BD2C217D11BA00447A0D /* Weather */ = {
			isa = PBXNativeTarget;
			buildConfigurationList = D615BD3F217D11BC00447A0D /* Build configuration list for PBXNativeTarget "Weather" */;
			buildPhases = (
				D615BD29217D11BA00447A0D /* Sources */,
				D615BD2A217D11BA00447A0D /* Frameworks */,
				D615BD2B217D11BA00447A0D /* Resources */,
			);
			buildRules = (
			);
			dependencies = (
			);
			name = Weather;
			productName = Weather;
			productReference = D615BD2D217D11BA00447A0D /* Weather.app */;
			productType = "com.apple.product-type.application";
		};
/* End PBXNativeTarget section */

/* Begin PBXProject section */
		D615BD25217D11BA00447A0D /* Project object */ = {
			isa = PBXProject;
			attributes = {
				LastSwiftUpdateCheck = 1000;
				LastUpgradeCheck = 1000;
				ORGANIZATIONNAME = "Vladislav Kondrashkov";
				TargetAttributes = {
					D615BD2C217D11BA00447A0D = {
						CreatedOnToolsVersion = 10.0;
					};
				};
			};
			buildConfigurationList = D615BD28217D11BA00447A0D /* Build configuration list for PBXProject "Weather" */;
			compatibilityVersion = "Xcode 9.3";
			developmentRegion = en;
			hasScannedForEncodings = 0;
			knownRegions = (
				en,
				Base,
			);
			mainGroup = D615BD24217D11BA00447A0D;
			productRefGroup = D615BD2E217D11BA00447A0D /* Products */;
			projectDirPath = "";
			projectRoot = "";
			targets = (
				D615BD2C217D11BA00447A0D /* Weather */,
			);
		};
/* End PBXProject section */

/* Begin PBXResourcesBuildPhase section */
		D615BD2B217D11BA00447A0D /* Resources */ = {
			isa = PBXResourcesBuildPhase;
			buildActionMask = 2147483647;
			files = (
				D615BD3B217D11BC00447A0D /* LaunchScreen.storyboard in Resources */,
				D615BD38217D11BC00447A0D /* Assets.xcassets in Resources */,
				D615BD36217D11BA00447A0D /* Main.storyboard in Resources */,
			);
			runOnlyForDeploymentPostprocessing = 0;
		};
/* End PBXResourcesBuildPhase section */

/* Begin PBXSourcesBuildPhase section */
		D615BD29217D11BA00447A0D /* Sources */ = {
			isa = PBXSourcesBuildPhase;
			buildActionMask = 2147483647;
			files = (
				D615BD4C217D1D1500447A0D /* TimedForecast.swift in Sources */,
				D615BD4A217D1BC300447A0D /* WeekdayForecast.swift in Sources */,
				D615BD46217D1A9600447A0D /* TimedForecastCellView.swift in Sources */,
				D615BD33217D11BA00447A0D /* ViewController.swift in Sources */,
				D615BD31217D11BA00447A0D /* AppDelegate.swift in Sources */,
				D615BD48217D1ABA00447A0D /* WeekForecastCellView.swift in Sources */,
			);
			runOnlyForDeploymentPostprocessing = 0;
		};
/* End PBXSourcesBuildPhase section */

/* Begin PBXVariantGroup section */
		D615BD34217D11BA00447A0D /* Main.storyboard */ = {
			isa = PBXVariantGroup;
			children = (
				D615BD35217D11BA00447A0D /* Base */,
			);
			name = Main.storyboard;
			sourceTree = "<group>";
		};
		D615BD39217D11BC00447A0D /* LaunchScreen.storyboard */ = {
			isa = PBXVariantGroup;
			children = (
				D615BD3A217D11BC00447A0D /* Base */,
			);
			name = LaunchScreen.storyboard;
			sourceTree = "<group>";
		};
/* End PBXVariantGroup section */

/* Begin XCBuildConfiguration section */
		D615BD3D217D11BC00447A0D /* Debug */ = {
			isa = XCBuildConfiguration;
			buildSettings = {
				ALWAYS_SEARCH_USER_PATHS = NO;
				CLANG_ANALYZER_NONNULL = YES;
				CLANG_ANALYZER_NUMBER_OBJECT_CONVERSION = YES_AGGRESSIVE;
				CLANG_CXX_LANGUAGE_STANDARD = "gnu++14";
				CLANG_CXX_LIBRARY = "libc++";
				CLANG_ENABLE_MODULES = YES;
				CLANG_ENABLE_OBJC_ARC = YES;
				CLANG_ENABLE_OBJC_WEAK = YES;
				CLANG_WARN_BLOCK_CAPTURE_AUTORELEASING = YES;
				CLANG_WARN_BOOL_CONVERSION = YES;
				CLANG_WARN_COMMA = YES;
				CLANG_WARN_CONSTANT_CONVERSION = YES;
				CLANG_WARN_DEPRECATED_OBJC_IMPLEMENTATIONS = YES;
				CLANG_WARN_DIRECT_OBJC_ISA_USAGE = YES_ERROR;
				CLANG_WARN_DOCUMENTATION_COMMENTS = YES;
				CLANG_WARN_EMPTY_BODY = YES;
				CLANG_WARN_ENUM_CONVERSION = YES;
				CLANG_WARN_INFINITE_RECURSION = YES;
				CLANG_WARN_INT_CONVERSION = YES;
				CLANG_WARN_NON_LITERAL_NULL_CONVERSION = YES;
				CLANG_WARN_OBJC_IMPLICIT_RETAIN_SELF = YES;
				CLANG_WARN_OBJC_LITERAL_CONVERSION = YES;
				CLANG_WARN_OBJC_ROOT_CLASS = YES_ERROR;
				CLANG_WARN_RANGE_LOOP_ANALYSIS = YES;
				CLANG_WARN_STRICT_PROTOTYPES = YES;
				CLANG_WARN_SUSPICIOUS_MOVE = YES;
				CLANG_WARN_UNGUARDED_AVAILABILITY = YES_AGGRESSIVE;
				CLANG_WARN_UNREACHABLE_CODE = YES;
				CLANG_WARN__DUPLICATE_METHOD_MATCH = YES;
				CODE_SIGN_IDENTITY = "iPhone Developer";
				COPY_PHASE_STRIP = NO;
				DEBUG_INFORMATION_FORMAT = dwarf;
				ENABLE_STRICT_OBJC_MSGSEND = YES;
				ENABLE_TESTABILITY = YES;
				GCC_C_LANGUAGE_STANDARD = gnu11;
				GCC_DYNAMIC_NO_PIC = NO;
				GCC_NO_COMMON_BLOCKS = YES;
				GCC_OPTIMIZATION_LEVEL = 0;
				GCC_PREPROCESSOR_DEFINITIONS = (
					"DEBUG=1",
					"$(inherited)",
				);
				GCC_WARN_64_TO_32_BIT_CONVERSION = YES;
				GCC_WARN_ABOUT_RETURN_TYPE = YES_ERROR;
				GCC_WARN_UNDECLARED_SELECTOR = YES;
				GCC_WARN_UNINITIALIZED_AUTOS = YES_AGGRESSIVE;
				GCC_WARN_UNUSED_FUNCTION = YES;
				GCC_WARN_UNUSED_VARIABLE = YES;
				IPHONEOS_DEPLOYMENT_TARGET = 12.0;
				MTL_ENABLE_DEBUG_INFO = INCLUDE_SOURCE;
				MTL_FAST_MATH = YES;
				ONLY_ACTIVE_ARCH = YES;
				SDKROOT = iphoneos;
				SWIFT_ACTIVE_COMPILATION_CONDITIONS = DEBUG;
				SWIFT_OPTIMIZATION_LEVEL = "-Onone";
			};
			name = Debug;
		};
		D615BD3E217D11BC00447A0D /* Release */ = {
			isa = XCBuildConfiguration;
			buildSettings = {
				ALWAYS_SEARCH_USER_PATHS = NO;
				CLANG_ANALYZER_NONNULL = YES;
				CLANG_ANALYZER_NUMBER_OBJECT_CONVERSION = YES_AGGRESSIVE;
				CLANG_CXX_LANGUAGE_STANDARD = "gnu++14";
				CLANG_CXX_LIBRARY = "libc++";
				CLANG_ENABLE_MODULES = YES;
				CLANG_ENABLE_OBJC_ARC = YES;
				CLANG_ENABLE_OBJC_WEAK = YES;
				CLANG_WARN_BLOCK_CAPTURE_AUTORELEASING = YES;
				CLANG_WARN_BOOL_CONVERSION = YES;
				CLANG_WARN_COMMA = YES;
				CLANG_WARN_CONSTANT_CONVERSION = YES;
				CLANG_WARN_DEPRECATED_OBJC_IMPLEMENTATIONS = YES;
				CLANG_WARN_DIRECT_OBJC_ISA_USAGE = YES_ERROR;
				CLANG_WARN_DOCUMENTATION_COMMENTS = YES;
				CLANG_WARN_EMPTY_BODY = YES;
				CLANG_WARN_ENUM_CONVERSION = YES;
				CLANG_WARN_INFINITE_RECURSION = YES;
				CLANG_WARN_INT_CONVERSION = YES;
				CLANG_WARN_NON_LITERAL_NULL_CONVERSION = YES;
				CLANG_WARN_OBJC_IMPLICIT_RETAIN_SELF = YES;
				CLANG_WARN_OBJC_LITERAL_CONVERSION = YES;
				CLANG_WARN_OBJC_ROOT_CLASS = YES_ERROR;
				CLANG_WARN_RANGE_LOOP_ANALYSIS = YES;
				CLANG_WARN_STRICT_PROTOTYPES = YES;
				CLANG_WARN_SUSPICIOUS_MOVE = YES;
				CLANG_WARN_UNGUARDED_AVAILABILITY = YES_AGGRESSIVE;
				CLANG_WARN_UNREACHABLE_CODE = YES;
				CLANG_WARN__DUPLICATE_METHOD_MATCH = YES;
				CODE_SIGN_IDENTITY = "iPhone Developer";
				COPY_PHASE_STRIP = NO;
				DEBUG_INFORMATION_FORMAT = "dwarf-with-dsym";
				ENABLE_NS_ASSERTIONS = NO;
				ENABLE_STRICT_OBJC_MSGSEND = YES;
				GCC_C_LANGUAGE_STANDARD = gnu11;
				GCC_NO_COMMON_BLOCKS = YES;
				GCC_WARN_64_TO_32_BIT_CONVERSION = YES;
				GCC_WARN_ABOUT_RETURN_TYPE = YES_ERROR;
				GCC_WARN_UNDECLARED_SELECTOR = YES;
				GCC_WARN_UNINITIALIZED_AUTOS = YES_AGGRESSIVE;
				GCC_WARN_UNUSED_FUNCTION = YES;
				GCC_WARN_UNUSED_VARIABLE = YES;
				IPHONEOS_DEPLOYMENT_TARGET = 12.0;
				MTL_ENABLE_DEBUG_INFO = NO;
				MTL_FAST_MATH = YES;
				SDKROOT = iphoneos;
				SWIFT_COMPILATION_MODE = wholemodule;
				SWIFT_OPTIMIZATION_LEVEL = "-O";
				VALIDATE_PRODUCT = YES;
			};
			name = Release;
		};
		D615BD40217D11BC00447A0D /* Debug */ = {
			isa = XCBuildConfiguration;
			buildSettings = {
				ASSETCATALOG_COMPILER_APPICON_NAME = AppIcon;
				CODE_SIGN_STYLE = Automatic;
				DEVELOPMENT_TEAM = 6D9VU6JV7P;
				INFOPLIST_FILE = Weather/Info.plist;
				LD_RUNPATH_SEARCH_PATHS = (
					"$(inherited)",
					"@executable_path/Frameworks",
				);
				PRODUCT_BUNDLE_IDENTIFIER = com.declipz.Weather;
				PRODUCT_NAME = "$(TARGET_NAME)";
				SWIFT_VERSION = 4.2;
				TARGETED_DEVICE_FAMILY = "1,2";
			};
			name = Debug;
		};
		D615BD41217D11BC00447A0D /* Release */ = {
			isa = XCBuildConfiguration;
			buildSettings = {
				ASSETCATALOG_COMPILER_APPICON_NAME = AppIcon;
				CODE_SIGN_STYLE = Automatic;
				DEVELOPMENT_TEAM = 6D9VU6JV7P;
				INFOPLIST_FILE = Weather/Info.plist;
				LD_RUNPATH_SEARCH_PATHS = (
					"$(inherited)",
					"@executable_path/Frameworks",
				);
				PRODUCT_BUNDLE_IDENTIFIER = com.declipz.Weather;
				PRODUCT_NAME = "$(TARGET_NAME)";
				SWIFT_VERSION = 4.2;
				TARGETED_DEVICE_FAMILY = "1,2";
			};
			name = Release;
		};
/* End XCBuildConfiguration section */

/* Begin XCConfigurationList section */
		D615BD28217D11BA00447A0D /* Build configuration list for PBXProject "Weather" */ = {
			isa = XCConfigurationList;
			buildConfigurations = (
				D615BD3D217D11BC00447A0D /* Debug */,
				D615BD3E217D11BC00447A0D /* Release */,
			);
			defaultConfigurationIsVisible = 0;
			defaultConfigurationName = Release;
		};
		D615BD3F217D11BC00447A0D /* Build configuration list for PBXNativeTarget "Weather" */ = {
			isa = XCConfigurationList;
			buildConfigurations = (
				D615BD40217D11BC00447A0D /* Debug */,
				D615BD41217D11BC00447A0D /* Release */,
			);
			defaultConfigurationIsVisible = 0;
			defaultConfigurationName = Release;
		};
/* End XCConfigurationList section */
	};
	rootObject = D615BD25217D11BA00447A0D /* Project object */;
}
